<?xml version="1.0" encoding="utf-8"?>
<Project ToolsVersion="4.0" xmlns="http://schemas.microsoft.com/developer/msbuild/2003">
  <ItemGroup>
    <ClCompile Include="main.cpp" />
    <ClCompile Include="Player2.cpp" />
    <ClCompile Include="EffectLog.cpp">
      <Filter>Object</Filter>
    </ClCompile>
    <ClCompile Include="GameManager.cpp">
      <Filter>Manager</Filter>
    </ClCompile>
    <ClCompile Include="InputManager.cpp">
      <Filter>Manager</Filter>
    </ClCompile>
    <ClCompile Include="ResourceManager.cpp">
      <Filter>Manager</Filter>
    </ClCompile>
    <ClCompile Include="UIManager.cpp">
      <Filter>Manager</Filter>
    </ClCompile>
    <ClCompile Include="Branch.cpp">
      <Filter>Object</Filter>
    </ClCompile>
    <ClCompile Include="Player.cpp">
      <Filter>Object</Filter>
    </ClCompile>
    <ClCompile Include="SpriteGameObject.cpp">
      <Filter>Object</Filter>
    </ClCompile>
    <ClCompile Include="Tree.cpp">
      <Filter>Object</Filter>
    </ClCompile>
    <ClCompile Include="Utils.cpp">
      <Filter>Manager</Filter>
    </ClCompile>
    <ClCompile Include="Scene.cpp">
      <Filter>Object</Filter>
    </ClCompile>
    <ClCompile Include="main2.cpp" />
  </ItemGroup>
  <ItemGroup>
    <ClInclude Include="Player2.h" />
    <ClInclude Include="EffectLog.h">
      <Filter>Header</Filter>
    </ClInclude>
    <ClInclude Include="Branch.h">
      <Filter>Header</Filter>
    </ClInclude>
    <ClInclude Include="GameManager.h">
      <Filter>Header</Filter>
    </ClInclude>
    <ClInclude Include="InputManager.h">
      <Filter>Header</Filter>
    </ClInclude>
    <ClInclude Include="Player.h">
      <Filter>Header</Filter>
    </ClInclude>
    <ClInclude Include="rapidcsv.h">
      <Filter>Header</Filter>
    </ClInclude>
    <ClInclude Include="ResourceManager.h">
      <Filter>Header</Filter>
    </ClInclude>
    <ClInclude Include="Singleton.h">
      <Filter>Header</Filter>
    </ClInclude>
    <ClInclude Include="Scene.h">
      <Filter>Header</Filter>
    </ClInclude>
    <ClInclude Include="Tree.h">
      <Filter>Header</Filter>
    </ClInclude>
    <ClInclude Include="SpriteGameObject.h">
      <Filter>Header</Filter>
    </ClInclude>
    <ClInclude Include="UIManager.h">
      <Filter>Header</Filter>
    </ClInclude>
    <ClInclude Include="Utils.h">
      <Filter>Header</Filter>
    </ClInclude>
  </ItemGroup>
  <ItemGroup>
    <Filter Include="Object">
      <UniqueIdentifier>{d70816ef-1a07-4c0f-8656-c3a03df12db8}</UniqueIdentifier>
    </Filter>
    <Filter Include="Header">
      <UniqueIdentifier>{deb112f6-7dc8-46bd-8f8d-eba8d34ca69f}</UniqueIdentifier>
    </Filter>
    <Filter Include="Manager">
      <UniqueIdentifier>{7ef1863a-2950-4800-87ed-dff3b66c2017}</UniqueIdentifier>
    </Filter>
  </ItemGroup>
</Project>