<?xml version="1.0" encoding="utf-8"?>
<Project ToolsVersion="4.0" xmlns="http://schemas.microsoft.com/developer/msbuild/2003">
  <ItemGroup>
    <ClCompile Include="Branch.cpp" />
    <ClCompile Include="EffectLog.cpp" />
    <ClCompile Include="InputManager.cpp" />
    <ClCompile Include="main.cpp" />
    <ClCompile Include="Player.cpp" />
    <ClCompile Include="Player2.cpp" />
    <ClCompile Include="ResourceManager.cpp" />
    <ClCompile Include="SpriteGameObject.cpp" />
    <ClCompile Include="Tree.cpp" />
    <ClCompile Include="UIManager.cpp" />
    <ClCompile Include="Utils.cpp" />
    <ClCompile Include="SceneManager.cpp" />
    <ClCompile Include="main2.cpp" />
  </ItemGroup>
  <ItemGroup>
    <ClInclude Include="Branch.h" />
    <ClInclude Include="EffectLog.h" />
    <ClInclude Include="InputManager.h" />
    <ClInclude Include="Player.h" />
    <ClInclude Include="Player2.h" />
    <ClInclude Include="rapidcsv.h" />
    <ClInclude Include="ResourceManager.h" />
    <ClInclude Include="Singleton.h" />
    <ClInclude Include="SpriteGameObject.h" />
    <ClInclude Include="Tree.h" />
    <ClInclude Include="UIManager.h" />
    <ClInclude Include="Utils.h" />
    <ClInclude Include="SceneManager.h" />
  </ItemGroup>
</Project>